{
  "name": "hello",
  "version": "1.0.0",
  "lockfileVersion": 1,
  "requires": true,
  "dependencies": {
    "@tonclient/core": {
      "version": "1.3.3",
      "resolved": "https://registry.npmjs.org/@tonclient/core/-/core-1.3.3.tgz",
      "integrity": "sha512-9BQIjvcEIQJQCA6Lpb2WKbmVvNJEl/z2nf/xq7yGkxd/GjPN96qwYZy3rcMdcVgc57PB5vYYHtzxUQbcBfZs2Q=="
    },
    "@tonclient/lib-node": {
      "version": "1.3.3",
      "resolved": "https://registry.npmjs.org/@tonclient/lib-node/-/lib-node-1.3.3.tgz",
      "integrity": "sha512-BRRKfffR83I2GS99ZMar0SPD6hjb/PRqPVivKL7ICWqT1q+Xix0jrLhZMLDs/v0IDTRCvLvSIKQky0nLJHaXXA=="
    }
  }
}
